
Microsoft Visual Studio Solution File, Format Version 12.00
# Visual Studio Version 16
VisualStudioVersion = 16.0.31729.503
MinimumVisualStudioVersion = 10.0.40219.1
Project("{FAE04EC0-301F-11D3-BF4B-00C04F79EFBC}") = "StackUC1", "StackUC1\StackUC1.csproj", "{C3929822-BEA7-43A4-8DC6-2AE27F1CA27C}"
EndProject
Global
	GlobalSection(SolutionConfigurationPlatforms) = preSolution
		Debug|Any CPU = Debug|Any CPU
		Release|Any CPU = Release|Any CPU
	EndGlobalSection
	GlobalSection(ProjectConfigurationPlatforms) = postSolution
		{C3929822-BEA7-43A4-8DC6-2AE27F1CA27C}.Debug|Any CPU.ActiveCfg = Debug|Any CPU
		{C3929822-BEA7-43A4-8DC6-2AE27F1CA27C}.Debug|Any CPU.Build.0 = Debug|Any CPU
		{C3929822-BEA7-43A4-8DC6-2AE27F1CA27C}.Release|Any CPU.ActiveCfg = Release|Any CPU
		{C3929822-BEA7-43A4-8DC6-2AE27F1CA27C}.Release|Any CPU.Build.0 = Release|Any CPU
	EndGlobalSection
	GlobalSection(SolutionProperties) = preSolution
		HideSolutionNode = FALSE
	EndGlobalSection
	GlobalSection(ExtensibilityGlobals) = postSolution
		SolutionGuid = {AA8EA562-0E5B-4A0D-84D0-650E4B7D0FE4}
	EndGlobalSection
EndGlobal
